// !$*UTF8*$!
{
	archiveVersion = 1;
	classes = {
	};
	objectVersion = 46;
	objects = {

/* Begin PBXBuildFile section */
		4608CE9F16668FA900B5DD4A /* AppDelegate.m in Sources */ = {isa = PBXBuildFile; fileRef = 4608CE8E16668FA900B5DD4A /* AppDelegate.m */; };
		4608CEA316668FA900B5DD4A /* Console.m in Sources */ = {isa = PBXBuildFile; fileRef = 4608CE9616668FA900B5DD4A /* Console.m */; };
		4608CEA716668FA900B5DD4A /* main.m in Sources */ = {isa = PBXBuildFile; fileRef = 4608CE9D16668FA900B5DD4A /* main.m */; };
		4644FA15163F181F00742E7D /* Cocoa.framework in Frameworks */ = {isa = PBXBuildFile; fileRef = 4644FA14163F181F00742E7D /* Cocoa.framework */; };
		4644FA35163F203900742E7D /* WebKit.framework in Frameworks */ = {isa = PBXBuildFile; fileRef = 4644FA34163F203900742E7D /* WebKit.framework */; };
		464A60EC163F32DC0092AE1D /* www in Resources */ = {isa = PBXBuildFile; fileRef = 464A60EB163F32DC0092AE1D /* www */; };
		46BFA8E016F25100001158B5 /* BurgerMenuItem.m in Sources */ = {isa = PBXBuildFile; fileRef = 46BFA8DF16F25100001158B5 /* BurgerMenuItem.m */; };
		AD10502B18CEBDA700018AE7 /* appBurgerIcon.icns in Resources */ = {isa = PBXBuildFile; fileRef = AD10502A18CEBDA700018AE7 /* appBurgerIcon.icns */; };
		ADB9A5FE198BEC870009C039 /* config.plist in Resources */ = {isa = PBXBuildFile; fileRef = ADB9A5FD198BEC870009C039 /* config.plist */; };
		ADFE52C618B45876000D1E2D /* Burger.m in Sources */ = {isa = PBXBuildFile; fileRef = ADFE52C518B45876000D1E2D /* Burger.m */; };
		ADFE52CD18B45DA2000D1E2D /* MainMenu.xib in Resources */ = {isa = PBXBuildFile; fileRef = ADFE52C718B45DA2000D1E2D /* MainMenu.xib */; };
		ADFE52CE18B45DA2000D1E2D /* Credits.rtf in Resources */ = {isa = PBXBuildFile; fileRef = ADFE52C918B45DA2000D1E2D /* Credits.rtf */; };
		ADFE52CF18B45DA2000D1E2D /* InfoPlist.strings in Resources */ = {isa = PBXBuildFile; fileRef = ADFE52CB18B45DA2000D1E2D /* InfoPlist.strings */; };
/* End PBXBuildFile section */

/* Begin PBXFileReference section */
		4608CE8B16668FA900B5DD4A /* Burger.h */ = {isa = PBXFileReference; fileEncoding = 4; lastKnownFileType = sourcecode.c.h; path = Burger.h; sourceTree = "<group>"; };
		4608CE8D16668FA900B5DD4A /* AppDelegate.h */ = {isa = PBXFileReference; fileEncoding = 4; lastKnownFileType = sourcecode.c.h; path = AppDelegate.h; sourceTree = "<group>"; };
		4608CE8E16668FA900B5DD4A /* AppDelegate.m */ = {isa = PBXFileReference; fileEncoding = 4; lastKnownFileType = sourcecode.c.objc; path = AppDelegate.m; sourceTree = "<group>"; };
		4608CE9116668FA900B5DD4A /* AppBurger-Info.plist */ = {isa = PBXFileReference; fileEncoding = 4; lastKnownFileType = text.plist.xml; path = "AppBurger-Info.plist"; sourceTree = "<group>"; };
		4608CE9216668FA900B5DD4A /* AppBurger-Prefix.pch */ = {isa = PBXFileReference; fileEncoding = 4; lastKnownFileType = sourcecode.c.h; path = "AppBurger-Prefix.pch"; sourceTree = "<group>"; };
		4608CE9516668FA900B5DD4A /* Console.h */ = {isa = PBXFileReference; fileEncoding = 4; lastKnownFileType = sourcecode.c.h; path = Console.h; sourceTree = "<group>"; };
		4608CE9616668FA900B5DD4A /* Console.m */ = {isa = PBXFileReference; fileEncoding = 4; lastKnownFileType = sourcecode.c.objc; path = Console.m; sourceTree = "<group>"; };
		4608CE9D16668FA900B5DD4A /* main.m */ = {isa = PBXFileReference; fileEncoding = 4; lastKnownFileType = sourcecode.c.objc; path = main.m; sourceTree = "<group>"; };
		4644FA10163F181F00742E7D /* AppBurger.app */ = {isa = PBXFileReference; explicitFileType = wrapper.application; includeInIndex = 0; path = AppBurger.app; sourceTree = BUILT_PRODUCTS_DIR; };
		4644FA14163F181F00742E7D /* Cocoa.framework */ = {isa = PBXFileReference; lastKnownFileType = wrapper.framework; name = Cocoa.framework; path = System/Library/Frameworks/Cocoa.framework; sourceTree = SDKROOT; };
		4644FA17163F181F00742E7D /* AppKit.framework */ = {isa = PBXFileReference; lastKnownFileType = wrapper.framework; name = AppKit.framework; path = System/Library/Frameworks/AppKit.framework; sourceTree = SDKROOT; };
		4644FA18163F181F00742E7D /* CoreData.framework */ = {isa = PBXFileReference; lastKnownFileType = wrapper.framework; name = CoreData.framework; path = System/Library/Frameworks/CoreData.framework; sourceTree = SDKROOT; };
		4644FA19163F181F00742E7D /* Foundation.framework */ = {isa = PBXFileReference; lastKnownFileType = wrapper.framework; name = Foundation.framework; path = System/Library/Frameworks/Foundation.framework; sourceTree = SDKROOT; };
		4644FA34163F203900742E7D /* WebKit.framework */ = {isa = PBXFileReference; lastKnownFileType = wrapper.framework; name = WebKit.framework; path = System/Library/Frameworks/WebKit.framework; sourceTree = SDKROOT; };
		464A60EB163F32DC0092AE1D /* www */ = {isa = PBXFileReference; lastKnownFileType = folder; path = www; sourceTree = "<group>"; };
		46BFA8DE16F25100001158B5 /* BurgerMenuItem.h */ = {isa = PBXFileReference; fileEncoding = 4; lastKnownFileType = sourcecode.c.h; path = BurgerMenuItem.h; sourceTree = "<group>"; };
		46BFA8DF16F25100001158B5 /* BurgerMenuItem.m */ = {isa = PBXFileReference; fileEncoding = 4; lastKnownFileType = sourcecode.c.objc; path = BurgerMenuItem.m; sourceTree = "<group>"; };
		AD10502A18CEBDA700018AE7 /* appBurgerIcon.icns */ = {isa = PBXFileReference; lastKnownFileType = image.icns; path = appBurgerIcon.icns; sourceTree = "<group>"; };
		ADB9A5FD198BEC870009C039 /* config.plist */ = {isa = PBXFileReference; fileEncoding = 4; lastKnownFileType = text.plist.xml; path = config.plist; sourceTree = "<group>"; };
		ADFE52C518B45876000D1E2D /* Burger.m */ = {isa = PBXFileReference; fileEncoding = 4; lastKnownFileType = sourcecode.c.objc; path = Burger.m; sourceTree = "<group>"; };
		ADFE52C818B45DA2000D1E2D /* en */ = {isa = PBXFileReference; lastKnownFileType = file.xib; name = en; path = Burger/en.lproj/MainMenu.xib; sourceTree = "<group>"; };
		ADFE52CA18B45DA2000D1E2D /* en */ = {isa = PBXFileReference; lastKnownFileType = text.rtf; name = en; path = Burger/en.lproj/Credits.rtf; sourceTree = "<group>"; };
		ADFE52CC18B45DA2000D1E2D /* en */ = {isa = PBXFileReference; lastKnownFileType = text.plist.strings; name = en; path = Burger/en.lproj/InfoPlist.strings; sourceTree = "<group>"; };
/* End PBXFileReference section */

/* Begin PBXFrameworksBuildPhase section */
		4644FA0D163F181F00742E7D /* Frameworks */ = {
			isa = PBXFrameworksBuildPhase;
			buildActionMask = 2147483647;
			files = (
				4644FA35163F203900742E7D /* WebKit.framework in Frameworks */,
				4644FA15163F181F00742E7D /* Cocoa.framework in Frameworks */,
			);
			runOnlyForDeploymentPostprocessing = 0;
		};
/* End PBXFrameworksBuildPhase section */

/* Begin PBXGroup section */
		4608CE8A16668FA900B5DD4A /* AppBurger */ = {
			isa = PBXGroup;
			children = (
				4608CE8B16668FA900B5DD4A /* Burger.h */,
				ADFE52C518B45876000D1E2D /* Burger.m */,
				46BFA8DE16F25100001158B5 /* BurgerMenuItem.h */,
				46BFA8DF16F25100001158B5 /* BurgerMenuItem.m */,
				4608CE8D16668FA900B5DD4A /* AppDelegate.h */,
				4608CE8E16668FA900B5DD4A /* AppDelegate.m */,
				4608CEA816668FBF00B5DD4A /* Supporting Files */,
				4608CE9516668FA900B5DD4A /* Console.h */,
				4608CE9616668FA900B5DD4A /* Console.m */,
				ADFE52C718B45DA2000D1E2D /* MainMenu.xib */,
			);
			name = AppBurger;
			path = Burger;
			sourceTree = "<group>";
		};
		4608CEA816668FBF00B5DD4A /* Supporting Files */ = {
			isa = PBXGroup;
			children = (
				4608CE9116668FA900B5DD4A /* AppBurger-Info.plist */,
				4608CE9216668FA900B5DD4A /* AppBurger-Prefix.pch */,
				ADFE52C918B45DA2000D1E2D /* Credits.rtf */,
				ADFE52CB18B45DA2000D1E2D /* InfoPlist.strings */,
				4608CE9D16668FA900B5DD4A /* main.m */,
			);
			name = "Supporting Files";
			sourceTree = "<group>";
		};
		4644FA05163F181F00742E7D = {
			isa = PBXGroup;
			children = (
				ADB9A5FD198BEC870009C039 /* config.plist */,
				AD10502A18CEBDA700018AE7 /* appBurgerIcon.icns */,
				4608CE8A16668FA900B5DD4A /* AppBurger */,
				464A60EB163F32DC0092AE1D /* www */,
				4644FA13163F181F00742E7D /* Frameworks */,
				4644FA11163F181F00742E7D /* Products */,
			);
			sourceTree = "<group>";
		};
		4644FA11163F181F00742E7D /* Products */ = {
			isa = PBXGroup;
			children = (
				4644FA10163F181F00742E7D /* AppBurger.app */,
			);
			name = Products;
			sourceTree = "<group>";
		};
		4644FA13163F181F00742E7D /* Frameworks */ = {
			isa = PBXGroup;
			children = (
				4644FA34163F203900742E7D /* WebKit.framework */,
				4644FA14163F181F00742E7D /* Cocoa.framework */,
				4644FA16163F181F00742E7D /* Other Frameworks */,
			);
			name = Frameworks;
			sourceTree = "<group>";
		};
		4644FA16163F181F00742E7D /* Other Frameworks */ = {
			isa = PBXGroup;
			children = (
				4644FA17163F181F00742E7D /* AppKit.framework */,
				4644FA18163F181F00742E7D /* CoreData.framework */,
				4644FA19163F181F00742E7D /* Foundation.framework */,
			);
			name = "Other Frameworks";
			sourceTree = "<group>";
		};
/* End PBXGroup section */

/* Begin PBXNativeTarget section */
		4644FA0F163F181F00742E7D /* AppBurger */ = {
			isa = PBXNativeTarget;
			buildConfigurationList = 4644FA31163F181F00742E7D /* Build configuration list for PBXNativeTarget "AppBurger" */;
			buildPhases = (
				4644FA0C163F181F00742E7D /* Sources */,
				4644FA0D163F181F00742E7D /* Frameworks */,
				4644FA0E163F181F00742E7D /* Resources */,
			);
			buildRules = (
			);
			dependencies = (
			);
			name = AppBurger;
			productName = AppBurger;
			productReference = 4644FA10163F181F00742E7D /* AppBurger.app */;
			productType = "com.apple.product-type.application";
		};
/* End PBXNativeTarget section */

/* Begin PBXProject section */
		4644FA07163F181F00742E7D /* Project object */ = {
			isa = PBXProject;
			attributes = {
				LastUpgradeCheck = 0510;
				ORGANIZATIONNAME = "Juan Camilo Estela";
			};
			buildConfigurationList = 4644FA0A163F181F00742E7D /* Build configuration list for PBXProject "AppBurger" */;
			compatibilityVersion = "Xcode 3.2";
			developmentRegion = English;
			hasScannedForEncodings = 0;
			knownRegions = (
				en,
			);
			mainGroup = 4644FA05163F181F00742E7D;
			productRefGroup = 4644FA11163F181F00742E7D /* Products */;
			projectDirPath = "";
			projectRoot = "";
			targets = (
				4644FA0F163F181F00742E7D /* AppBurger */,
			);
		};
/* End PBXProject section */

/* Begin PBXResourcesBuildPhase section */
		4644FA0E163F181F00742E7D /* Resources */ = {
			isa = PBXResourcesBuildPhase;
			buildActionMask = 2147483647;
			files = (
				464A60EC163F32DC0092AE1D /* www in Resources */,
				ADFE52CF18B45DA2000D1E2D /* InfoPlist.strings in Resources */,
				ADB9A5FE198BEC870009C039 /* config.plist in Resources */,
				ADFE52CE18B45DA2000D1E2D /* Credits.rtf in Resources */,
				ADFE52CD18B45DA2000D1E2D /* MainMenu.xib in Resources */,
				AD10502B18CEBDA700018AE7 /* appBurgerIcon.icns in Resources */,
			);
			runOnlyForDeploymentPostprocessing = 0;
		};
/* End PBXResourcesBuildPhase section */

/* Begin PBXSourcesBuildPhase section */
		4644FA0C163F181F00742E7D /* Sources */ = {
			isa = PBXSourcesBuildPhase;
			buildActionMask = 2147483647;
			files = (
				4608CE9F16668FA900B5DD4A /* AppDelegate.m in Sources */,
				4608CEA316668FA900B5DD4A /* Console.m in Sources */,
				ADFE52C618B45876000D1E2D /* Burger.m in Sources */,
				4608CEA716668FA900B5DD4A /* main.m in Sources */,
				46BFA8E016F25100001158B5 /* BurgerMenuItem.m in Sources */,
			);
			runOnlyForDeploymentPostprocessing = 0;
		};
/* End PBXSourcesBuildPhase section */

/* Begin PBXVariantGroup section */
		ADFE52C718B45DA2000D1E2D /* MainMenu.xib */ = {
			isa = PBXVariantGroup;
			children = (
				ADFE52C818B45DA2000D1E2D /* en */,
			);
			name = MainMenu.xib;
			path = ..;
			sourceTree = "<group>";
		};
		ADFE52C918B45DA2000D1E2D /* Credits.rtf */ = {
			isa = PBXVariantGroup;
			children = (
				ADFE52CA18B45DA2000D1E2D /* en */,
			);
			name = Credits.rtf;
			path = ..;
			sourceTree = "<group>";
		};
		ADFE52CB18B45DA2000D1E2D /* InfoPlist.strings */ = {
			isa = PBXVariantGroup;
			children = (
				ADFE52CC18B45DA2000D1E2D /* en */,
			);
			name = InfoPlist.strings;
			path = ..;
			sourceTree = "<group>";
		};
/* End PBXVariantGroup section */

/* Begin XCBuildConfiguration section */
		4644FA2F163F181F00742E7D /* Debug */ = {
			isa = XCBuildConfiguration;
			buildSettings = {
				ALWAYS_SEARCH_USER_PATHS = NO;
				CLANG_CXX_LANGUAGE_STANDARD = "gnu++0x";
				CLANG_WARN__DUPLICATE_METHOD_MATCH = YES;
				COPY_PHASE_STRIP = NO;
				GCC_C_LANGUAGE_STANDARD = gnu99;
				GCC_DYNAMIC_NO_PIC = NO;
				GCC_ENABLE_OBJC_EXCEPTIONS = YES;
				GCC_OPTIMIZATION_LEVEL = 0;
				GCC_PREPROCESSOR_DEFINITIONS = (
					"DEBUG=1",
					"$(inherited)",
				);
				GCC_SYMBOLS_PRIVATE_EXTERN = NO;
				GCC_WARN_64_TO_32_BIT_CONVERSION = YES;
				GCC_WARN_ABOUT_RETURN_TYPE = YES;
				GCC_WARN_UNINITIALIZED_AUTOS = YES;
				GCC_WARN_UNUSED_VARIABLE = YES;
				MACOSX_DEPLOYMENT_TARGET = 10.7;
				ONLY_ACTIVE_ARCH = YES;
				SDKROOT = macosx;
			};
			name = Debug;
		};
		4644FA30163F181F00742E7D /* Release */ = {
			isa = XCBuildConfiguration;
			buildSettings = {
				ALWAYS_SEARCH_USER_PATHS = NO;
				CLANG_CXX_LANGUAGE_STANDARD = "gnu++0x";
				CLANG_WARN__DUPLICATE_METHOD_MATCH = YES;
				COPY_PHASE_STRIP = YES;
				DEBUG_INFORMATION_FORMAT = "dwarf-with-dsym";
				GCC_C_LANGUAGE_STANDARD = gnu99;
				GCC_ENABLE_OBJC_EXCEPTIONS = YES;
				GCC_WARN_64_TO_32_BIT_CONVERSION = YES;
				GCC_WARN_ABOUT_RETURN_TYPE = YES;
				GCC_WARN_UNINITIALIZED_AUTOS = YES;
				GCC_WARN_UNUSED_VARIABLE = YES;
				MACOSX_DEPLOYMENT_TARGET = 10.7;
				SDKROOT = macosx;
			};
			name = Release;
		};
		4644FA32163F181F00742E7D /* Debug */ = {
			isa = XCBuildConfiguration;
			buildSettings = {
				COMBINE_HIDPI_IMAGES = YES;
				GCC_PRECOMPILE_PREFIX_HEADER = YES;
				GCC_PREFIX_HEADER = "Burger/AppBurger-Prefix.pch";
				INFOPLIST_FILE = "Burger/AppBurger-Info.plist";
				PRODUCT_NAME = AppBurger;
				WRAPPER_EXTENSION = app;
			};
			name = Debug;
		};
		4644FA33163F181F00742E7D /* Release */ = {
			isa = XCBuildConfiguration;
			buildSettings = {
				COMBINE_HIDPI_IMAGES = YES;
				GCC_PRECOMPILE_PREFIX_HEADER = YES;
				GCC_PREFIX_HEADER = "Burger/AppBurger-Prefix.pch";
				INFOPLIST_FILE = "Burger/AppBurger-Info.plist";
				PRODUCT_NAME = AppBurger;
				WRAPPER_EXTENSION = app;
			};
			name = Release;
		};
/* End XCBuildConfiguration section */

/* Begin XCConfigurationList section */
		4644FA0A163F181F00742E7D /* Build configuration list for PBXProject "AppBurger" */ = {
			isa = XCConfigurationList;
			buildConfigurations = (
				4644FA2F163F181F00742E7D /* Debug */,
				4644FA30163F181F00742E7D /* Release */,
			);
			defaultConfigurationIsVisible = 0;
			defaultConfigurationName = Release;
		};
		4644FA31163F181F00742E7D /* Build configuration list for PBXNativeTarget "AppBurger" */ = {
			isa = XCConfigurationList;
			buildConfigurations = (
				4644FA32163F181F00742E7D /* Debug */,
				4644FA33163F181F00742E7D /* Release */,
			);
			defaultConfigurationIsVisible = 0;
			defaultConfigurationName = Release;
		};
/* End XCConfigurationList section */
	};
	rootObject = 4644FA07163F181F00742E7D /* Project object */;
}
